{
    "_meta": {
        "hash": {
            "sha256": "9ce2257f01bd8b710b98a9a7c6eb433ba9a55ed24c8de312c18f17a07b1c8298"
        },
        "pipfile-spec": 6,
        "requires": {
            "python_version": "3.11"
        },
        "sources": [
            {
                "name": "pypi",
                "url": "https://pypi.org/simple",
                "verify_ssl": true
            }
        ]
    },
    "default": {
        "asgiref": {
            "hashes": [
                "sha256:89b2ef2247e3b562a16eef663bc0e2e703ec6468e2fa8a5cd61cd449786d4f6e",
                "sha256:9e0ce3aa93a819ba5b45120216b23878cf6e8525eb3848653452b4192b92afed"
            ],
            "markers": "python_version >= '3.7'",
            "version": "==3.7.2"
        },
        "django": {
            "hashes": [
                "sha256:5e5c1c9548ffb7796b4a8a4782e9a2e5a3df3615259fc1bfd3ebc73b646146c1",
                "sha256:b6b2b5cae821077f137dc4dade696a1c2aa292f892eca28fa8d7bfdf2608ddd4"
            ],
            "index": "pypi",
            "version": "==4.2.5"
        },
        "django-tailwind": {
            "hashes": [
                "sha256:93db0ed1c18ae21ee8ad7f19f96744f5b2322e9d9872307a06e0f45b21cbe60a",
                "sha256:d878222a4ef957d1d0f0529dcd28b0065995ca6b8c7b43b058b9214c9e7d8ec0"
            ],
            "index": "pypi",
            "version": "==3.6.0"
        },
        "mysql-client": {
            "hashes": [
                "sha256:9e378295e1a565133d4e392ad7e0104a57fcbaf06a1ac9799af8596fa5293cb3",
                "sha256:b1d4e29bdb027d6279536b56cf4798270588c02e8f0e57696e4a87f2d16449e4"
            ],
            "index": "pypi",
            "version": "==0.0.1"
        },
        "sqlparse": {
            "hashes": [
                "sha256:5430a4fe2ac7d0f93e66f1efc6e1338a41884b7ddf2a350cedd20ccc4d9d28f3",
                "sha256:d446183e84b8349fa3061f0fe7f06ca94ba65b426946ffebe6e3e8295332420c"
            ],
            "markers": "python_version >= '3.5'",
            "version": "==0.4.4"
        }
    },
    "develop": {}
}
